
Microsoft Visual Studio Solution File, Format Version 12.00
# Visual Studio 15
VisualStudioVersion = 15.0.28307.572
MinimumVisualStudioVersion = 10.0.40219.1
Project("{8BC9CEB8-8B4A-11D0-8D11-00A0C91BC942}") = "Project 3", "Project 3\Project 3.vcxproj", "{0F449414-3F38-4523-9E63-CE9C3C118F9E}"
EndProject
Global
	GlobalSection(SolutionConfigurationPlatforms) = preSolution
		Debug|x64 = Debug|x64
		Debug|x86 = Debug|x86
		Release|x64 = Release|x64
		Release|x86 = Release|x86
	EndGlobalSection
	GlobalSection(ProjectConfigurationPlatforms) = postSolution
		{0F449414-3F38-4523-9E63-CE9C3C118F9E}.Debug|x64.ActiveCfg = Debug|x64
		{0F449414-3F38-4523-9E63-CE9C3C118F9E}.Debug|x64.Build.0 = Debug|x64
		{0F449414-3F38-4523-9E63-CE9C3C118F9E}.Debug|x86.ActiveCfg = Debug|Win32
		{0F449414-3F38-4523-9E63-CE9C3C118F9E}.Debug|x86.Build.0 = Debug|Win32
		{0F449414-3F38-4523-9E63-CE9C3C118F9E}.Release|x64.ActiveCfg = Release|x64
		{0F449414-3F38-4523-9E63-CE9C3C118F9E}.Release|x64.Build.0 = Release|x64
		{0F449414-3F38-4523-9E63-CE9C3C118F9E}.Release|x86.ActiveCfg = Release|Win32
		{0F449414-3F38-4523-9E63-CE9C3C118F9E}.Release|x86.Build.0 = Release|Win32
	EndGlobalSection
	GlobalSection(SolutionProperties) = preSolution
		HideSolutionNode = FALSE
	EndGlobalSection
	GlobalSection(ExtensibilityGlobals) = postSolution
		SolutionGuid = {D85EC9F8-D971-41AC-9BA1-2A05E7787EBB}
	EndGlobalSection
EndGlobal
